
Microsoft Visual Studio Solution File, Format Version 12.00
# Visual Studio 15
Project("{FAE04EC0-301F-11D3-BF4B-00C04F79EFBC}") = "Assembly-CSharp-firstpass", "Assembly-CSharp-firstpass.csproj", "{6365976F-7260-B33B-7BEA-BD8BD9DD981B}"
EndProject
Project("{FAE04EC0-301F-11D3-BF4B-00C04F79EFBC}") = "Assembly-CSharp", "Assembly-CSharp.csproj", "{1AD71F86-9FA4-0F43-B6FB-4AE7FC068A50}"
EndProject
Project("{FAE04EC0-301F-11D3-BF4B-00C04F79EFBC}") = "Assembly-CSharp-Editor-firstpass", "Assembly-CSharp-Editor-firstpass.csproj", "{6C904CA8-0209-275F-72F7-DE68FE029FDE}"
EndProject
Global
	GlobalSection(SolutionConfigurationPlatforms) = preSolution
		Debug|Any CPU = Debug|Any CPU
		Release|Any CPU = Release|Any CPU
	EndGlobalSection
	GlobalSection(ProjectConfigurationPlatforms) = postSolution
		{6365976F-7260-B33B-7BEA-BD8BD9DD981B}.Debug|Any CPU.ActiveCfg = Debug|Any CPU
		{6365976F-7260-B33B-7BEA-BD8BD9DD981B}.Debug|Any CPU.Build.0 = Debug|Any CPU
		{6365976F-7260-B33B-7BEA-BD8BD9DD981B}.Release|Any CPU.ActiveCfg = Release|Any CPU
		{6365976F-7260-B33B-7BEA-BD8BD9DD981B}.Release|Any CPU.Build.0 = Release|Any CPU
		{1AD71F86-9FA4-0F43-B6FB-4AE7FC068A50}.Debug|Any CPU.ActiveCfg = Debug|Any CPU
		{1AD71F86-9FA4-0F43-B6FB-4AE7FC068A50}.Debug|Any CPU.Build.0 = Debug|Any CPU
		{1AD71F86-9FA4-0F43-B6FB-4AE7FC068A50}.Release|Any CPU.ActiveCfg = Release|Any CPU
		{1AD71F86-9FA4-0F43-B6FB-4AE7FC068A50}.Release|Any CPU.Build.0 = Release|Any CPU
		{6C904CA8-0209-275F-72F7-DE68FE029FDE}.Debug|Any CPU.ActiveCfg = Debug|Any CPU
		{6C904CA8-0209-275F-72F7-DE68FE029FDE}.Debug|Any CPU.Build.0 = Debug|Any CPU
		{6C904CA8-0209-275F-72F7-DE68FE029FDE}.Release|Any CPU.ActiveCfg = Release|Any CPU
		{6C904CA8-0209-275F-72F7-DE68FE029FDE}.Release|Any CPU.Build.0 = Release|Any CPU
	EndGlobalSection
	GlobalSection(SolutionProperties) = preSolution
		HideSolutionNode = FALSE
	EndGlobalSection
EndGlobal
